Microsoft Visual Studio Solution File, Format Version 12.00
# Visual Studio Version 17
VisualStudioVersion = 17.5.2.0
MinimumVisualStudioVersion = 10.0.40219.1
Project("{FAE04EC0-301F-11D3-BF4B-00C04F79EFBC}") = "ERP-H1", "ERP-H1.csproj", "{6CB9D9BE-3B7E-DB4C-DCBA-D8702CC70B74}"
EndProject
Global
	GlobalSection(SolutionConfigurationPlatforms) = preSolution
		Debug|Any CPU = Debug|Any CPU
		Release|Any CPU = Release|Any CPU
	EndGlobalSection
	GlobalSection(ProjectConfigurationPlatforms) = postSolution
		{6CB9D9BE-3B7E-DB4C-DCBA-D8702CC70B74}.Debug|Any CPU.ActiveCfg = Debug|Any CPU
		{6CB9D9BE-3B7E-DB4C-DCBA-D8702CC70B74}.Debug|Any CPU.Build.0 = Debug|Any CPU
		{6CB9D9BE-3B7E-DB4C-DCBA-D8702CC70B74}.Release|Any CPU.ActiveCfg = Release|Any CPU
		{6CB9D9BE-3B7E-DB4C-DCBA-D8702CC70B74}.Release|Any CPU.Build.0 = Release|Any CPU
	EndGlobalSection
	GlobalSection(SolutionProperties) = preSolution
		HideSolutionNode = FALSE
	EndGlobalSection
	GlobalSection(ExtensibilityGlobals) = postSolution
		SolutionGuid = {7B01CEBF-0FB6-4EDE-B369-31AB924A30E2}
	EndGlobalSection
EndGlobal
